dependencies:
- name: postgresql
  repository: oci://registry-1.docker.io/bitnamicharts
  version: 14.0.5
- name: cert-manager
  repository: https://charts.jetstack.io
  version: v1.16.2
- name: traefik
  repository: https://traefik.github.io/charts
  version: 27.0.2
- name: traefik
  repository: https://traefik.github.io/charts
  version: 35.0.1
digest: sha256:7a870e18ebc41b2af59970c0a9053ea4a8736222a24a7f340c8fd376a13cc0d9
generated: "2025-10-17T11:20:51.316584+02:00"
