dependencies:
- name: memcached
  repository: oci://registry-1.docker.io/bitnamicharts
  version: 6.10.1
- name: postgresql
  repository: oci://registry-1.docker.io/bitnamicharts
  version: 14.0.5
- name: cert-manager
  repository: https://charts.jetstack.io
  version: v1.14.3
- name: traefik
  repository: https://traefik.github.io/charts
  version: 27.0.2
digest: sha256:12903aa00063eed7bd9e9ffb7f19305bc29cf1f23b0bad91851aa8f2146bf1d6
generated: "2024-05-16T13:24:44.060619861+02:00"
